<?xml version="1.0" encoding="UTF-8"?>
<!DOCTYPE plist PUBLIC "-//Apple//DTD PLIST 1.0//EN" "http://www.apple.com/DTDs/PropertyList-1.0.dtd">
<plist version="1.0">
<dict>
	<key>archiveVersion</key>
	<string>1</string>
	<key>classes</key>
	<dict/>
	<key>objectVersion</key>
	<string>56</string>
	<key>objects</key>
	<dict>
		<key>0483C801C7D0453FA331E416</key>
		<dict>
			<key>isa</key>
			<string>PBXFileReference</string>
			<key>lastKnownFileType</key>
			<string>sourcecode.swift</string>
			<key>path</key>
			<string>Views/Dashboard/TimetableTabView.swift</string>
			<key>sourceTree</key>
			<string>&lt;group&gt;</string>
		</dict>
		<key>05567EFD39894A0B9BD37741</key>
		<dict>
			<key>fileRef</key>
			<string>FE4E649E51CC4DBEB53F060F</string>
			<key>isa</key>
			<string>PBXBuildFile</string>
		</dict>
		<key>062F94A7CB114A28A041F41F</key>
		<dict>
			<key>isa</key>
			<string>PBXFileReference</string>
			<key>lastKnownFileType</key>
			<string>sourcecode.swift</string>
			<key>path</key>
			<string>Views/MenuBar/MenuBarContentView.swift</string>
			<key>sourceTree</key>
			<string>&lt;group&gt;</string>
		</dict>
		<key>0D7D28E3BCB1408D80690833</key>
		<dict>
			<key>buildActionMask</key>
			<integer>2147483647</integer>
			<key>files</key>
			<array/>
			<key>isa</key>
			<string>PBXFrameworksBuildPhase</string>
			<key>runOnlyForDeploymentPostprocessing</key>
			<integer>0</integer>
		</dict>
		<key>0E03A2EAC5734CB68D7E544C</key>
		<dict>
			<key>fileRef</key>
			<string>FFE1D4FA8C544B7E99FABC2D</string>
			<key>isa</key>
			<string>PBXBuildFile</string>
		</dict>
		<key>0E4BE99CBE9542029A1D195E</key>
		<dict>
			<key>isa</key>
			<string>PBXFileReference</string>
			<key>lastKnownFileType</key>
			<string>sourcecode.swift</string>
			<key>path</key>
			<string>Views/Components/StatusBadge.swift</string>
			<key>sourceTree</key>
			<string>&lt;group&gt;</string>
		</dict>
		<key>0FE48319C74749099F4E1334</key>
		<dict>
			<key>fileRef</key>
			<string>D6F7D72C1BA44F49B8B23E4D</string>
			<key>isa</key>
			<string>PBXBuildFile</string>
		</dict>
		<key>1089C7B9571F44F8B77E9EF0</key>
		<dict>
			<key>isa</key>
			<string>PBXFileReference</string>
			<key>lastKnownFileType</key>
			<string>sourcecode.swift</string>
			<key>path</key>
			<string>Services/BackgroundSyncManager.swift</string>
			<key>sourceTree</key>
			<string>&lt;group&gt;</string>
		</dict>
		<key>1AE3F8C2CE9F4E659B4A52A3</key>
		<dict>
			<key>isa</key>
			<string>PBXFileReference</string>
			<key>lastKnownFileType</key>
			<string>sourcecode.swift</string>
			<key>path</key>
			<string>App/WindowController.swift</string>
			<key>sourceTree</key>
			<string>&lt;group&gt;</string>
		</dict>
		<key>1C60FDB06BF647BC84AFAD40</key>
		<dict>
			<key>buildSettings</key>
			<dict>
				<key>CODE_SIGN_STYLE</key>
				<string>Automatic</string>
				<key>CURRENT_PROJECT_VERSION</key>
				<string>1</string>
				<key>GENERATE_INFOPLIST_FILE</key>
				<string>NO</string>
				<key>INFOPLIST_FILE</key>
				<string>Sources/AttendanceMac/Resources/Info.plist</string>
				<key>LD_RUNPATH_SEARCH_PATHS</key>
				<array>
					<string></string>
					<string>@executable_path/../Frameworks</string>
				</array>
				<key>MARKETING_VERSION</key>
				<string>1.0</string>
				<key>PRODUCT_BUNDLE_IDENTIFIER</key>
				<string>com.attendance.mac</string>
				<key>PRODUCT_NAME</key>
				<string>AttendanceMac</string>
				<key>PRODUCT_MODULE_NAME</key>
				<string>AttendanceMac</string>
				<key>SWIFT_EMIT_LOC_STRINGS</key>
				<string>YES</string>
				<key>SWIFT_VERSION</key>
				<string>5.0</string>
			</dict>
			<key>isa</key>
			<string>XCBuildConfiguration</string>
			<key>name</key>
			<string>Debug</string>
		</dict>
		<key>2309E7DC82914B9D94047791</key>
		<dict>
			<key>buildSettings</key>
			<dict>
				<key>ALWAYS_SEARCH_USER_PATHS</key>
				<string>NO</string>
				<key>CLANG_ANALYZER_NONNULL</key>
				<string>YES</string>
				<key>CLANG_CXX_LANGUAGE_STANDARD</key>
				<string>gnu++20</string>
				<key>CLANG_ENABLE_MODULES</key>
				<string>YES</string>
				<key>CLANG_ENABLE_OBJC_ARC</key>
				<string>YES</string>
				<key>ENABLE_TESTABILITY</key>
				<string>YES</string>
				<key>GCC_DYNAMIC_NO_PIC</key>
				<string>NO</string>
				<key>GCC_OPTIMIZATION_LEVEL</key>
				<string>0</string>
				<key>MACOSX_DEPLOYMENT_TARGET</key>
				<string>13.0</string>
				<key>MTL_ENABLE_DEBUG_INFO</key>
				<string>INCLUDE_SOURCE</string>
				<key>ONLY_ACTIVE_ARCH</key>
				<string>YES</string>
				<key>SDKROOT</key>
				<string>macosx</string>
				<key>SWIFT_ACTIVE_COMPILATION_CONDITIONS</key>
				<string>DEBUG</string>
				<key>SWIFT_OPTIMIZATION_LEVEL</key>
				<string>-Onone</string>
				<key>SWIFT_VERSION</key>
				<string>5.0</string>
			</dict>
			<key>isa</key>
			<string>XCBuildConfiguration</string>
			<key>name</key>
			<string>Debug</string>
		</dict>
		<key>2488CB0DB20C4CF69B1E3AE8</key>
		<dict>
			<key>buildConfigurationList</key>
			<string>2815E1396E134864B2345972</string>
			<key>buildPhases</key>
			<array>
				<string>AC798FD3D0E74C308010A3B2</string>
				<string>0D7D28E3BCB1408D80690833</string>
				<string>E194D67724AA47C1B4738D78</string>
			</array>
			<key>buildRules</key>
			<array/>
			<key>dependencies</key>
			<array/>
			<key>isa</key>
			<string>PBXNativeTarget</string>
			<key>name</key>
			<string>AttendanceMac</string>
			<key>productName</key>
			<string>AttendanceMac</string>
			<key>productReference</key>
			<string>313E64BFCCF649319BE75D5F</string>
			<key>productType</key>
			<string>com.apple.product-type.application</string>
		</dict>
		<key>2815E1396E134864B2345972</key>
		<dict>
			<key>buildConfigurations</key>
			<array>
				<string>1C60FDB06BF647BC84AFAD40</string>
				<string>7FE53DB1011E4E5990C75D50</string>
			</array>
			<key>defaultConfigurationIsVisible</key>
			<integer>0</integer>
			<key>defaultConfigurationName</key>
			<string>Release</string>
			<key>isa</key>
			<string>XCConfigurationList</string>
		</dict>
		<key>2AE3C226A7E64F4EB371DDA6</key>
		<dict>
			<key>isa</key>
			<string>PBXFileReference</string>
			<key>lastKnownFileType</key>
			<string>sourcecode.swift</string>
			<key>path</key>
			<string>Services/AttendanceAPIService.swift</string>
			<key>sourceTree</key>
			<string>&lt;group&gt;</string>
		</dict>
		<key>2D6684058425480094A88950</key>
		<dict>
			<key>buildConfigurations</key>
			<array>
				<string>2309E7DC82914B9D94047791</string>
				<string>C20A173371F44ED9B515552B</string>
			</array>
			<key>defaultConfigurationIsVisible</key>
			<integer>0</integer>
			<key>defaultConfigurationName</key>
			<string>Release</string>
			<key>isa</key>
			<string>XCConfigurationList</string>
		</dict>
		<key>2F5B62A02F0B457DA6C3C2BD</key>
		<dict>
			<key>isa</key>
			<string>PBXFileReference</string>
			<key>lastKnownFileType</key>
			<string>sourcecode.swift</string>
			<key>path</key>
			<string>Views/MenuBar/MenuBarLabelView.swift</string>
			<key>sourceTree</key>
			<string>&lt;group&gt;</string>
		</dict>
		<key>313E64BFCCF649319BE75D5F</key>
		<dict>
			<key>explicitFileType</key>
			<string>wrapper.application</string>
			<key>includeInIndex</key>
			<integer>0</integer>
			<key>isa</key>
			<string>PBXFileReference</string>
			<key>path</key>
			<string>AttendanceMac.app</string>
			<key>sourceTree</key>
			<string>BUILT_PRODUCTS_DIR</string>
		</dict>
		<key>3811D96025C54BABB2A5519A</key>
		<dict>
			<key>fileRef</key>
			<string>644DEB6C28B14E7FB5D070B3</string>
			<key>isa</key>
			<string>PBXBuildFile</string>
		</dict>
		<key>39AC0BCA9A6446848D636EBC</key>
		<dict>
			<key>fileRef</key>
			<string>0E4BE99CBE9542029A1D195E</string>
			<key>isa</key>
			<string>PBXBuildFile</string>
		</dict>
		<key>3B181A5F5384464E9715AB85</key>
		<dict>
			<key>fileRef</key>
			<string>3DB420A18C994BC7919E1EF2</string>
			<key>isa</key>
			<string>PBXBuildFile</string>
		</dict>
		<key>3B76060EF8224A54B8CAB91E</key>
		<dict>
			<key>isa</key>
			<string>PBXFileReference</string>
			<key>lastKnownFileType</key>
			<string>sourcecode.swift</string>
			<key>path</key>
			<string>Views/Dashboard/SubjectsTabView.swift</string>
			<key>sourceTree</key>
			<string>&lt;group&gt;</string>
		</dict>
		<key>3DB420A18C994BC7919E1EF2</key>
		<dict>
			<key>isa</key>
			<string>PBXFileReference</string>
			<key>lastKnownFileType</key>
			<string>sourcecode.swift</string>
			<key>path</key>
			<string>Views/Dashboard/AttendanceGridTabView.swift</string>
			<key>sourceTree</key>
			<string>&lt;group&gt;</string>
		</dict>
		<key>4BBE9C7A5305420186E1F7A6</key>
		<dict>
			<key>isa</key>
			<string>PBXFileReference</string>
			<key>lastKnownFileType</key>
			<string>sourcecode.swift</string>
			<key>path</key>
			<string>Models/AttendanceStatus.swift</string>
			<key>sourceTree</key>
			<string>&lt;group&gt;</string>
		</dict>
		<key>4D64079ADBDD4533AC175318</key>
		<dict>
			<key>fileRef</key>
			<string>FD48F39E320B4E458FDD83B7</string>
			<key>isa</key>
			<string>PBXBuildFile</string>
		</dict>
		<key>5A0DE9CDFFF64B42AB1F0B83</key>
		<dict>
			<key>attributes</key>
			<dict>
				<key>BuildIndependentTargetsInParallel</key>
				<integer>1</integer>
				<key>LastUpgradeCheck</key>
				<integer>1500</integer>
				<key>TargetAttributes</key>
				<dict>
					<key>2488CB0DB20C4CF69B1E3AE8</key>
					<dict>
						<key>CreatedOnToolsVersion</key>
						<string>15.0</string>
					</dict>
				</dict>
			</dict>
			<key>buildConfigurationList</key>
			<string>2D6684058425480094A88950</string>
			<key>compatibilityVersion</key>
			<string>Xcode 14.0</string>
			<key>developmentRegion</key>
			<string>en</string>
			<key>hasScannedForEncodings</key>
			<integer>0</integer>
			<key>isa</key>
			<string>PBXProject</string>
			<key>knownRegions</key>
			<array>
				<string>en</string>
				<string>Base</string>
			</array>
			<key>mainGroup</key>
			<string>B399434C09D9461596B69F1D</string>
			<key>productRefGroup</key>
			<string>74830B54A5B040E79D3096B1</string>
			<key>projectDirPath</key>
			<string></string>
			<key>projectRoot</key>
			<string></string>
			<key>targets</key>
			<array>
				<string>2488CB0DB20C4CF69B1E3AE8</string>
			</array>
		</dict>
		<key>5D5B656F769E498995FD080C</key>
		<dict>
			<key>isa</key>
			<string>PBXFileReference</string>
			<key>lastKnownFileType</key>
			<string>sourcecode.swift</string>
			<key>path</key>
			<string>Services/StorageService.swift</string>
			<key>sourceTree</key>
			<string>&lt;group&gt;</string>
		</dict>
		<key>64496D12568C476EB6E78E28</key>
		<dict>
			<key>isa</key>
			<string>PBXFileReference</string>
			<key>lastKnownFileType</key>
			<string>text.plist.xml</string>
			<key>path</key>
			<string>Resources/Info.plist</string>
			<key>sourceTree</key>
			<string>&lt;group&gt;</string>
		</dict>
		<key>644DEB6C28B14E7FB5D070B3</key>
		<dict>
			<key>isa</key>
			<string>PBXFileReference</string>
			<key>lastKnownFileType</key>
			<string>sourcecode.swift</string>
			<key>path</key>
			<string>Models/UserAccount.swift</string>
			<key>sourceTree</key>
			<string>&lt;group&gt;</string>
		</dict>
		<key>6E4AF765DB404C5985A45C50</key>
		<dict>
			<key>fileRef</key>
			<string>062F94A7CB114A28A041F41F</string>
			<key>isa</key>
			<string>PBXBuildFile</string>
		</dict>
		<key>6FA5A71B43004F4C8B70F74F</key>
		<dict>
			<key>fileRef</key>
			<string>2AE3C226A7E64F4EB371DDA6</string>
			<key>isa</key>
			<string>PBXBuildFile</string>
		</dict>
		<key>72BC3D17D26E4CCD9013653A</key>
		<dict>
			<key>fileRef</key>
			<string>F5586EB0D79641ED8DA2C0E6</string>
			<key>isa</key>
			<string>PBXBuildFile</string>
		</dict>
		<key>73626606862C46C28C212CD4</key>
		<dict>
			<key>isa</key>
			<string>PBXFileReference</string>
			<key>lastKnownFileType</key>
			<string>sourcecode.swift</string>
			<key>path</key>
			<string>Views/Dashboard/SettingsTabView.swift</string>
			<key>sourceTree</key>
			<string>&lt;group&gt;</string>
		</dict>
		<key>74830B54A5B040E79D3096B1</key>
		<dict>
			<key>children</key>
			<array>
				<string>313E64BFCCF649319BE75D5F</string>
			</array>
			<key>isa</key>
			<string>PBXGroup</string>
			<key>name</key>
			<string>Products</string>
			<key>sourceTree</key>
			<string>&lt;group&gt;</string>
		</dict>
		<key>7FE53DB1011E4E5990C75D50</key>
		<dict>
			<key>buildSettings</key>
			<dict>
				<key>CODE_SIGN_STYLE</key>
				<string>Automatic</string>
				<key>CURRENT_PROJECT_VERSION</key>
				<string>1</string>
				<key>GENERATE_INFOPLIST_FILE</key>
				<string>NO</string>
				<key>INFOPLIST_FILE</key>
				<string>Sources/AttendanceMac/Resources/Info.plist</string>
				<key>LD_RUNPATH_SEARCH_PATHS</key>
				<array>
					<string></string>
					<string>@executable_path/../Frameworks</string>
				</array>
				<key>MARKETING_VERSION</key>
				<string>1.0</string>
				<key>PRODUCT_BUNDLE_IDENTIFIER</key>
				<string>com.attendance.mac</string>
				<key>PRODUCT_NAME</key>
				<string>AttendanceMac</string>
				<key>PRODUCT_MODULE_NAME</key>
				<string>AttendanceMac</string>
				<key>SWIFT_EMIT_LOC_STRINGS</key>
				<string>YES</string>
				<key>SWIFT_VERSION</key>
				<string>5.0</string>
			</dict>
			<key>isa</key>
			<string>XCBuildConfiguration</string>
			<key>name</key>
			<string>Release</string>
		</dict>
		<key>88DC7DCB7B514CB38E6B8107</key>
		<dict>
			<key>fileRef</key>
			<string>5D5B656F769E498995FD080C</string>
			<key>isa</key>
			<string>PBXBuildFile</string>
		</dict>
		<key>8CEA08D40F574A5495F173E9</key>
		<dict>
			<key>fileRef</key>
			<string>EB85DCFBC14948E0BD41D158</string>
			<key>isa</key>
			<string>PBXBuildFile</string>
		</dict>
		<key>97211C92BD2B437EB2F9920A</key>
		<dict>
			<key>children</key>
			<array>
				<string>D6F7D72C1BA44F49B8B23E4D</string>
				<string>1AE3F8C2CE9F4E659B4A52A3</string>
				<string>FFE1D4FA8C544B7E99FABC2D</string>
				<string>4BBE9C7A5305420186E1F7A6</string>
				<string>644DEB6C28B14E7FB5D070B3</string>
				<string>2AE3C226A7E64F4EB371DDA6</string>
				<string>EB85DCFBC14948E0BD41D158</string>
				<string>AA0000000000000000000001</string>
				<string>AA0000000000000000000002</string>
				<string>5D5B656F769E498995FD080C</string>
				<string>CEA9865FB1E64CE99247F5B6</string>
				<string>1089C7B9571F44F8B77E9EF0</string>
				<string>CC37C47991F14E1CBD100654</string>
				<string>EDF66B4C61DE42C4A2F639FD</string>
				<string>9B310956C21045ACAC9625C9</string>
				<string>F5586EB0D79641ED8DA2C0E6</string>
				<string>0E4BE99CBE9542029A1D195E</string>
				<string>2F5B62A02F0B457DA6C3C2BD</string>
				<string>062F94A7CB114A28A041F41F</string>
				<string>FD48F39E320B4E458FDD83B7</string>
				<string>FE4E649E51CC4DBEB53F060F</string>
				<string>3B76060EF8224A54B8CAB91E</string>
				<string>0483C801C7D0453FA331E416</string>
				<string>3DB420A18C994BC7919E1EF2</string>
				<string>CD84664696EA43DDADEE39C5</string>
				<string>73626606862C46C28C212CD4</string>
				<string>FA9E4A2DE7304C8B9346F8EB</string>
			</array>
			<key>isa</key>
			<string>PBXGroup</string>
			<key>path</key>
			<string>Sources/AttendanceMac</string>
			<key>sourceTree</key>
			<string>&lt;group&gt;</string>
		</dict>
		<key>9B310956C21045ACAC9625C9</key>
		<dict>
			<key>isa</key>
			<string>PBXFileReference</string>
			<key>lastKnownFileType</key>
			<string>sourcecode.swift</string>
			<key>path</key>
			<string>Views/Components/MacVisualEffectView.swift</string>
			<key>sourceTree</key>
			<string>&lt;group&gt;</string>
		</dict>
		<key>9B8579A4B70D4ADCA9A1C23D</key>
		<dict>
			<key>fileRef</key>
			<string>9B310956C21045ACAC9625C9</string>
			<key>isa</key>
			<string>PBXBuildFile</string>
		</dict>
		<key>AC798FD3D0E74C308010A3B2</key>
		<dict>
			<key>buildActionMask</key>
			<integer>2147483647</integer>
			<key>files</key>
			<array>
				<string>0FE48319C74749099F4E1334</string>
				<string>FC31D775135640DE96DC0368</string>
				<string>0E03A2EAC5734CB68D7E544C</string>
				<string>B3F6B2BF23F746BF85B21401</string>
				<string>3811D96025C54BABB2A5519A</string>
				<string>6FA5A71B43004F4C8B70F74F</string>
				<string>8CEA08D40F574A5495F173E9</string>
				<string>88DC7DCB7B514CB38E6B8107</string>
				<string>B0C9F8B183B542BFB61B8D25</string>
				<string>F7C7E34D0FB246D694AF759D</string>
				<string>C270918FCD5D4AD8B69EF71A</string>
				<string>C7820F7F32054FBC9774CEE5</string>
				<string>9B8579A4B70D4ADCA9A1C23D</string>
				<string>72BC3D17D26E4CCD9013653A</string>
				<string>39AC0BCA9A6446848D636EBC</string>
				<string>D1D824B1C1D345AABFE4F2CA</string>
				<string>6E4AF765DB404C5985A45C50</string>
				<string>4D64079ADBDD4533AC175318</string>
				<string>05567EFD39894A0B9BD37741</string>
				<string>C4A36BFD8C15430CA1A39D0F</string>
				<string>E99F4AA64E834EEAB4F49D64</string>
				<string>3B181A5F5384464E9715AB85</string>
				<string>F2B8EC6958414EFFB0DC0A60</string>
				<string>CF82D13E496D4BF7A03D20A0</string>
				<string>C307C5CDFE0A4AF8A235559E</string>
				<string>BB0000000000000000000001</string>
				<string>BB0000000000000000000002</string>
			</array>
			<key>isa</key>
			<string>PBXSourcesBuildPhase</string>
			<key>runOnlyForDeploymentPostprocessing</key>
			<integer>0</integer>
		</dict>
		<key>B0C9F8B183B542BFB61B8D25</key>
		<dict>
			<key>fileRef</key>
			<string>CEA9865FB1E64CE99247F5B6</string>
			<key>isa</key>
			<string>PBXBuildFile</string>
		</dict>
		<key>B399434C09D9461596B69F1D</key>
		<dict>
			<key>children</key>
			<array>
				<string>97211C92BD2B437EB2F9920A</string>
				<string>FB5F9FD5AB414332B0762595</string>
				<string>74830B54A5B040E79D3096B1</string>
			</array>
			<key>isa</key>
			<string>PBXGroup</string>
			<key>sourceTree</key>
			<string>&lt;group&gt;</string>
		</dict>
		<key>B3F6B2BF23F746BF85B21401</key>
		<dict>
			<key>fileRef</key>
			<string>4BBE9C7A5305420186E1F7A6</string>
			<key>isa</key>
			<string>PBXBuildFile</string>
		</dict>
		<key>C20A173371F44ED9B515552B</key>
		<dict>
			<key>buildSettings</key>
			<dict>
				<key>ALWAYS_SEARCH_USER_PATHS</key>
				<string>NO</string>
				<key>CLANG_ANALYZER_NONNULL</key>
				<string>YES</string>
				<key>CLANG_CXX_LANGUAGE_STANDARD</key>
				<string>gnu++20</string>
				<key>CLANG_ENABLE_MODULES</key>
				<string>YES</string>
				<key>CLANG_ENABLE_OBJC_ARC</key>
				<string>YES</string>
				<key>ENABLE_TESTABILITY</key>
				<string>YES</string>
				<key>GCC_DYNAMIC_NO_PIC</key>
				<string>NO</string>
				<key>GCC_OPTIMIZATION_LEVEL</key>
				<string>s</string>
				<key>MACOSX_DEPLOYMENT_TARGET</key>
				<string>13.0</string>
				<key>MTL_ENABLE_DEBUG_INFO</key>
				<string>INCLUDE_SOURCE</string>
				<key>ONLY_ACTIVE_ARCH</key>
				<string>YES</string>
				<key>SDKROOT</key>
				<string>macosx</string>
				<key>SWIFT_COMPILATION_MODE</key>
				<string>wholemodule</string>
				<key>SWIFT_OPTIMIZATION_LEVEL</key>
				<string>-O</string>
				<key>SWIFT_VERSION</key>
				<string>5.0</string>
			</dict>
			<key>isa</key>
			<string>XCBuildConfiguration</string>
			<key>name</key>
			<string>Release</string>
		</dict>
		<key>C270918FCD5D4AD8B69EF71A</key>
		<dict>
			<key>fileRef</key>
			<string>CC37C47991F14E1CBD100654</string>
			<key>isa</key>
			<string>PBXBuildFile</string>
		</dict>
		<key>C307C5CDFE0A4AF8A235559E</key>
		<dict>
			<key>fileRef</key>
			<string>FA9E4A2DE7304C8B9346F8EB</string>
			<key>isa</key>
			<string>PBXBuildFile</string>
		</dict>
		<key>C4A36BFD8C15430CA1A39D0F</key>
		<dict>
			<key>fileRef</key>
			<string>3B76060EF8224A54B8CAB91E</string>
			<key>isa</key>
			<string>PBXBuildFile</string>
		</dict>
		<key>C7820F7F32054FBC9774CEE5</key>
		<dict>
			<key>fileRef</key>
			<string>EDF66B4C61DE42C4A2F639FD</string>
			<key>isa</key>
			<string>PBXBuildFile</string>
		</dict>
		<key>CC37C47991F14E1CBD100654</key>
		<dict>
			<key>isa</key>
			<string>PBXFileReference</string>
			<key>lastKnownFileType</key>
			<string>sourcecode.swift</string>
			<key>path</key>
			<string>ViewModels/AttendanceViewModel.swift</string>
			<key>sourceTree</key>
			<string>&lt;group&gt;</string>
		</dict>
		<key>CD84664696EA43DDADEE39C5</key>
		<dict>
			<key>isa</key>
			<string>PBXFileReference</string>
			<key>lastKnownFileType</key>
			<string>sourcecode.swift</string>
			<key>path</key>
			<string>Views/Dashboard/BunkSimulatorTabView.swift</string>
			<key>sourceTree</key>
			<string>&lt;group&gt;</string>
		</dict>
		<key>CEA9865FB1E64CE99247F5B6</key>
		<dict>
			<key>isa</key>
			<string>PBXFileReference</string>
			<key>lastKnownFileType</key>
			<string>sourcecode.swift</string>
			<key>path</key>
			<string>Services/NotificationManager.swift</string>
			<key>sourceTree</key>
			<string>&lt;group&gt;</string>
		</dict>
		<key>CF82D13E496D4BF7A03D20A0</key>
		<dict>
			<key>fileRef</key>
			<string>73626606862C46C28C212CD4</string>
			<key>isa</key>
			<string>PBXBuildFile</string>
		</dict>
		<key>D1D824B1C1D345AABFE4F2CA</key>
		<dict>
			<key>fileRef</key>
			<string>2F5B62A02F0B457DA6C3C2BD</string>
			<key>isa</key>
			<string>PBXBuildFile</string>
		</dict>
		<key>D6F7D72C1BA44F49B8B23E4D</key>
		<dict>
			<key>isa</key>
			<string>PBXFileReference</string>
			<key>lastKnownFileType</key>
			<string>sourcecode.swift</string>
			<key>path</key>
			<string>App/AttendanceMacApp.swift</string>
			<key>sourceTree</key>
			<string>&lt;group&gt;</string>
		</dict>
		<key>E194D67724AA47C1B4738D78</key>
		<dict>
			<key>buildActionMask</key>
			<integer>2147483647</integer>
			<key>files</key>
			<array/>
			<key>isa</key>
			<string>PBXResourcesBuildPhase</string>
			<key>runOnlyForDeploymentPostprocessing</key>
			<integer>0</integer>
		</dict>
		<key>E99F4AA64E834EEAB4F49D64</key>
		<dict>
			<key>fileRef</key>
			<string>0483C801C7D0453FA331E416</string>
			<key>isa</key>
			<string>PBXBuildFile</string>
		</dict>
		<key>EB85DCFBC14948E0BD41D158</key>
		<dict>
			<key>isa</key>
			<string>PBXFileReference</string>
			<key>lastKnownFileType</key>
			<string>sourcecode.swift</string>
			<key>path</key>
			<string>Services/KeychainService.swift</string>
			<key>sourceTree</key>
			<string>&lt;group&gt;</string>
		</dict>
		<key>AA0000000000000000000001</key>
		<dict>
			<key>isa</key>
			<string>PBXFileReference</string>
			<key>lastKnownFileType</key>
			<string>sourcecode.swift</string>
			<key>path</key>
			<string>Services/LaunchAtLoginManager.swift</string>
			<key>sourceTree</key>
			<string>&lt;group&gt;</string>
		</dict>
		<key>BB0000000000000000000001</key>
		<dict>
			<key>fileRef</key>
			<string>AA0000000000000000000001</string>
			<key>isa</key>
			<string>PBXBuildFile</string>
		</dict>
		<key>AA0000000000000000000002</key>
		<dict>
			<key>isa</key>
			<string>PBXFileReference</string>
			<key>lastKnownFileType</key>
			<string>sourcecode.swift</string>
			<key>path</key>
			<string>Views/Components/AttendanceDesign.swift</string>
			<key>sourceTree</key>
			<string>&lt;group&gt;</string>
		</dict>
		<key>BB0000000000000000000002</key>
		<dict>
			<key>fileRef</key>
			<string>AA0000000000000000000002</string>
			<key>isa</key>
			<string>PBXBuildFile</string>
		</dict>
		<key>EDF66B4C61DE42C4A2F639FD</key>
		<dict>
			<key>isa</key>
			<string>PBXFileReference</string>
			<key>lastKnownFileType</key>
			<string>sourcecode.swift</string>
			<key>path</key>
			<string>Views/Components/CircularProgressGauge.swift</string>
			<key>sourceTree</key>
			<string>&lt;group&gt;</string>
		</dict>
		<key>F2B8EC6958414EFFB0DC0A60</key>
		<dict>
			<key>fileRef</key>
			<string>CD84664696EA43DDADEE39C5</string>
			<key>isa</key>
			<string>PBXBuildFile</string>
		</dict>
		<key>F5586EB0D79641ED8DA2C0E6</key>
		<dict>
			<key>isa</key>
			<string>PBXFileReference</string>
			<key>lastKnownFileType</key>
			<string>sourcecode.swift</string>
			<key>path</key>
			<string>Views/Components/MetricCard.swift</string>
			<key>sourceTree</key>
			<string>&lt;group&gt;</string>
		</dict>
		<key>F7C7E34D0FB246D694AF759D</key>
		<dict>
			<key>fileRef</key>
			<string>1089C7B9571F44F8B77E9EF0</string>
			<key>isa</key>
			<string>PBXBuildFile</string>
		</dict>
		<key>FA9E4A2DE7304C8B9346F8EB</key>
		<dict>
			<key>isa</key>
			<string>PBXFileReference</string>
			<key>lastKnownFileType</key>
			<string>sourcecode.swift</string>
			<key>path</key>
			<string>Views/Login/LoginView.swift</string>
			<key>sourceTree</key>
			<string>&lt;group&gt;</string>
		</dict>
		<key>FB5F9FD5AB414332B0762595</key>
		<dict>
			<key>children</key>
			<array>
				<string>64496D12568C476EB6E78E28</string>
			</array>
			<key>isa</key>
			<string>PBXGroup</string>
			<key>path</key>
			<string>Sources/AttendanceMac</string>
			<key>sourceTree</key>
			<string>&lt;group&gt;</string>
		</dict>
		<key>FC31D775135640DE96DC0368</key>
		<dict>
			<key>fileRef</key>
			<string>1AE3F8C2CE9F4E659B4A52A3</string>
			<key>isa</key>
			<string>PBXBuildFile</string>
		</dict>
		<key>FD48F39E320B4E458FDD83B7</key>
		<dict>
			<key>isa</key>
			<string>PBXFileReference</string>
			<key>lastKnownFileType</key>
			<string>sourcecode.swift</string>
			<key>path</key>
			<string>Views/Dashboard/DashboardWindowView.swift</string>
			<key>sourceTree</key>
			<string>&lt;group&gt;</string>
		</dict>
		<key>FE4E649E51CC4DBEB53F060F</key>
		<dict>
			<key>isa</key>
			<string>PBXFileReference</string>
			<key>lastKnownFileType</key>
			<string>sourcecode.swift</string>
			<key>path</key>
			<string>Views/Dashboard/OverviewTabView.swift</string>
			<key>sourceTree</key>
			<string>&lt;group&gt;</string>
		</dict>
		<key>FFE1D4FA8C544B7E99FABC2D</key>
		<dict>
			<key>isa</key>
			<string>PBXFileReference</string>
			<key>lastKnownFileType</key>
			<string>sourcecode.swift</string>
			<key>path</key>
			<string>Models/AttendanceModels.swift</string>
			<key>sourceTree</key>
			<string>&lt;group&gt;</string>
		</dict>
	</dict>
	<key>rootObject</key>
	<string>5A0DE9CDFFF64B42AB1F0B83</string>
</dict>
</plist>
